
Microsoft Visual Studio Solution File, Format Version 12.00
# Visual Studio Version 17
VisualStudioVersion = 17.9.34714.143
MinimumVisualStudioVersion = 10.0.40219.1
Project("{FAE04EC0-301F-11D3-BF4B-00C04F79EFBC}") = "Med", "Med\Med.csproj", "{4322B51A-093E-4C7F-831E-C6ED228CEEF8}"
EndProject
Global
	GlobalSection(SolutionConfigurationPlatforms) = preSolution
		Debug|Any CPU = Debug|Any CPU
		Release|Any CPU = Release|Any CPU
	EndGlobalSection
	GlobalSection(ProjectConfigurationPlatforms) = postSolution
		{4322B51A-093E-4C7F-831E-C6ED228CEEF8}.Debug|Any CPU.ActiveCfg = Debug|Any CPU
		{4322B51A-093E-4C7F-831E-C6ED228CEEF8}.Debug|Any CPU.Build.0 = Debug|Any CPU
		{4322B51A-093E-4C7F-831E-C6ED228CEEF8}.Release|Any CPU.ActiveCfg = Release|Any CPU
		{4322B51A-093E-4C7F-831E-C6ED228CEEF8}.Release|Any CPU.Build.0 = Release|Any CPU
	EndGlobalSection
	GlobalSection(SolutionProperties) = preSolution
		HideSolutionNode = FALSE
	EndGlobalSection
	GlobalSection(ExtensibilityGlobals) = postSolution
		SolutionGuid = {735CAFB3-4365-4F61-88EB-C0EDAE7921D7}
	EndGlobalSection
EndGlobal
